{
  "name": "Thesis",
  "lockfileVersion": 3,
  "requires": true,
  "packages": {
    "": {
      "dependencies": {
        "@gorules/zen-engine": "^0.39.1"
      },
      "devDependencies": {
        "@types/node": "^22.13.17"
      }
    },
    "node_modules/@gorules/zen-engine": {
      "version": "0.39.1",
      "resolved": "https://registry.npmjs.org/@gorules/zen-engine/-/zen-engine-0.39.1.tgz",
      "integrity": "sha512-EM9WEgXbwHu0044+Py/S80oS0tZ+ifpLl3BkkVHDjrev72I9CAO/N9xdfPbwgUs6xGp9Jxu5fULS1rOSNjTN3g==",
      "license": "MIT",
      "engines": {
        "node": ">= 14"
      },
      "optionalDependencies": {
        "@gorules/zen-engine-darwin-arm64": "0.39.1",
        "@gorules/zen-engine-darwin-x64": "0.39.1",
        "@gorules/zen-engine-linux-arm64-gnu": "0.39.1",
        "@gorules/zen-engine-linux-arm64-musl": "0.39.1",
        "@gorules/zen-engine-linux-x64-gnu": "0.39.1",
        "@gorules/zen-engine-linux-x64-musl": "0.39.1",
        "@gorules/zen-engine-win32-x64-msvc": "0.39.1"
      }
    },
    "node_modules/@gorules/zen-engine-darwin-arm64": {
      "version": "0.39.1",
      "resolved": "https://registry.npmjs.org/@gorules/zen-engine-darwin-arm64/-/zen-engine-darwin-arm64-0.39.1.tgz",
      "integrity": "sha512-wXSptyTNKDBJiwVgOd1lt10qQwpFmsL0DzFCjv4KzJI5+5tSNrTPl48IZ+v23D4JlGcGr/g5UPfhKtVyOEk3iQ==",
      "cpu": [
        "arm64"
      ],
      "license": "MIT",
      "optional": true,
      "os": [
        "darwin"
      ],
      "engines": {
        "node": ">= 14"
      }
    },
    "node_modules/@gorules/zen-engine-darwin-x64": {
      "version": "0.39.1",
      "resolved": "https://registry.npmjs.org/@gorules/zen-engine-darwin-x64/-/zen-engine-darwin-x64-0.39.1.tgz",
      "integrity": "sha512-n/UfdEsYtf8cj9ahIhKC6ml9VmAPeZi3rGy+i0dIDW/HSFlwdY5Y+DbGT6jC+XcHL6ZbVgORux3pl5TBZ0L4eA==",
      "cpu": [
        "x64"
      ],
      "license": "MIT",
      "optional": true,
      "os": [
        "darwin"
      ],
      "engines": {
        "node": ">= 14"
      }
    },
    "node_modules/@gorules/zen-engine-linux-arm64-gnu": {
      "version": "0.39.1",
      "resolved": "https://registry.npmjs.org/@gorules/zen-engine-linux-arm64-gnu/-/zen-engine-linux-arm64-gnu-0.39.1.tgz",
      "integrity": "sha512-854GmziW8PIvwWoRRNNFob4bL2Mvrlo+/spyUFfNhlyRSiN1Z60/FQdBKeI98BlIu5c2hLyH/v0pjf6ePqQ5kQ==",
      "cpu": [
        "arm64"
      ],
      "license": "MIT",
      "optional": true,
      "os": [
        "linux"
      ],
      "engines": {
        "node": ">= 14"
      }
    },
    "node_modules/@gorules/zen-engine-linux-arm64-musl": {
      "version": "0.39.1",
      "resolved": "https://registry.npmjs.org/@gorules/zen-engine-linux-arm64-musl/-/zen-engine-linux-arm64-musl-0.39.1.tgz",
      "integrity": "sha512-VGT51paxtNDILEW3V795g/0RX57DeU2MTVXjf49nnh1B59hFApA3Xo/vEy6RiyJVNTcYYy+6vOtPglMgku1Ihw==",
      "cpu": [
        "arm64"
      ],
      "license": "MIT",
      "optional": true,
      "os": [
        "linux"
      ],
      "engines": {
        "node": ">= 14"
      }
    },
    "node_modules/@gorules/zen-engine-linux-x64-gnu": {
      "version": "0.39.1",
      "resolved": "https://registry.npmjs.org/@gorules/zen-engine-linux-x64-gnu/-/zen-engine-linux-x64-gnu-0.39.1.tgz",
      "integrity": "sha512-I9NxIu/XNpsKXfQEB/85jTQVnN9O2jwuzm0/yEm2w5FTqve3ax1kWowXa/UKOGbfu5pCZLcMFkdtdmYeBRdMkw==",
      "cpu": [
        "x64"
      ],
      "license": "MIT",
      "optional": true,
      "os": [
        "linux"
      ],
      "engines": {
        "node": ">= 14"
      }
    },
    "node_modules/@gorules/zen-engine-linux-x64-musl": {
      "version": "0.39.1",
      "resolved": "https://registry.npmjs.org/@gorules/zen-engine-linux-x64-musl/-/zen-engine-linux-x64-musl-0.39.1.tgz",
      "integrity": "sha512-SfAmoPyYcMUIPKxr+saGd4LIqpTDZGvQLaFnjC+R3sul1TQm9KSqlCRpBQ1qcYFwu8qtFBSmsSYmb8f0VyPtuw==",
      "cpu": [
        "x64"
      ],
      "license": "MIT",
      "optional": true,
      "os": [
        "linux"
      ],
      "engines": {
        "node": ">= 14"
      }
    },
    "node_modules/@gorules/zen-engine-win32-x64-msvc": {
      "version": "0.39.1",
      "resolved": "https://registry.npmjs.org/@gorules/zen-engine-win32-x64-msvc/-/zen-engine-win32-x64-msvc-0.39.1.tgz",
      "integrity": "sha512-9K8B+Q6eypYOL/fBjU6bZg2hl7LIaXvNNKT7ug7z3pe8Fk4XXE63nT8GqLRnavjg95aT3gCbuUvTqNh4qzREzA==",
      "cpu": [
        "x64"
      ],
      "license": "MIT",
      "optional": true,
      "os": [
        "win32"
      ],
      "engines": {
        "node": ">= 14"
      }
    },
    "node_modules/@types/node": {
      "version": "22.13.17",
      "resolved": "https://registry.npmjs.org/@types/node/-/node-22.13.17.tgz",
      "integrity": "sha512-nAJuQXoyPj04uLgu+obZcSmsfOenUg6DxPKogeUy6yNCFwWaj5sBF8/G/pNo8EtBJjAfSVgfIlugR/BCOleO+g==",
      "dev": true,
      "license": "MIT",
      "dependencies": {
        "undici-types": "~6.20.0"
      }
    },
    "node_modules/undici-types": {
      "version": "6.20.0",
      "resolved": "https://registry.npmjs.org/undici-types/-/undici-types-6.20.0.tgz",
      "integrity": "sha512-Ny6QZ2Nju20vw1SRHe3d9jVu6gJ+4e3+MMpqu7pqE5HT6WsTSlce++GQmK5UXS8mzV8DSYHrQH+Xrf2jVcuKNg==",
      "dev": true,
      "license": "MIT"
    }
  }
}
